
Microsoft Visual Studio Solution File, Format Version 12.00
# Visual Studio Version 16
VisualStudioVersion = 16.0.30011.22
MinimumVisualStudioVersion = 10.0.40219.1
Project("{D954291E-2A0B-460D-934E-DC6B0785DB48}") = "CefLite", "CefLite\CefLite.shproj", "{3DB27A06-0596-4307-B289-33F4C8B60B60}"
EndProject
Global
	GlobalSection(SharedMSBuildProjectFiles) = preSolution
		CefLite\CefLite.projitems*{3db27a06-0596-4307-b289-33f4c8b60b60}*SharedItemsImports = 13
	EndGlobalSection
	GlobalSection(SolutionProperties) = preSolution
		HideSolutionNode = FALSE
	EndGlobalSection
	GlobalSection(ExtensibilityGlobals) = postSolution
		SolutionGuid = {D0E1BA40-6FF9-482C-AF61-59327D39D21F}
	EndGlobalSection
EndGlobal
